
Microsoft Visual Studio Solution File, Format Version 12.00
# Visual Studio Version 16
VisualStudioVersion = 16.0.31624.102
MinimumVisualStudioVersion = 10.0.40219.1
Project("{FAE04EC0-301F-11D3-BF4B-00C04F79EFBC}") = "BuiltDifferentMobileApp.UWP", "BuiltDifferentMobileApp\BuiltDifferentMobileApp.UWP\BuiltDifferentMobileApp.UWP.csproj", "{938C2125-6ED1-4561-B0BF-D1E7067FB1BF}"
EndProject
Project("{FAE04EC0-301F-11D3-BF4B-00C04F79EFBC}") = "BuiltDifferentMobileApp.Android", "BuiltDifferentMobileApp\BuiltDifferentMobileApp.Android\BuiltDifferentMobileApp.Android.csproj", "{43D6822A-FFE4-4A6D-8213-EA8137E25E45}"
EndProject
Project("{FAE04EC0-301F-11D3-BF4B-00C04F79EFBC}") = "BuiltDifferentMobileApp.iOS", "BuiltDifferentMobileApp\BuiltDifferentMobileApp.iOS\BuiltDifferentMobileApp.iOS.csproj", "{FC9673B7-C23E-43B2-9292-0661B3AB69CE}"
EndProject
Project("{FAE04EC0-301F-11D3-BF4B-00C04F79EFBC}") = "BuiltDifferentMobileApp", "BuiltDifferentMobileApp\BuiltDifferentMobileApp\BuiltDifferentMobileApp.csproj", "{396EF4AC-3EC6-4F0E-A8DE-341F81AE05C5}"
EndProject
Global
	GlobalSection(SolutionConfigurationPlatforms) = preSolution
		Debug|Any CPU = Debug|Any CPU
		Debug|ARM = Debug|ARM
		Debug|iPhone = Debug|iPhone
		Debug|iPhoneSimulator = Debug|iPhoneSimulator
		Debug|x64 = Debug|x64
		Debug|x86 = Debug|x86
		Release|Any CPU = Release|Any CPU
		Release|ARM = Release|ARM
		Release|iPhone = Release|iPhone
		Release|iPhoneSimulator = Release|iPhoneSimulator
		Release|x64 = Release|x64
		Release|x86 = Release|x86
	EndGlobalSection
	GlobalSection(ProjectConfigurationPlatforms) = postSolution
		{938C2125-6ED1-4561-B0BF-D1E7067FB1BF}.Debug|Any CPU.ActiveCfg = Debug|x86
		{938C2125-6ED1-4561-B0BF-D1E7067FB1BF}.Debug|Any CPU.Build.0 = Debug|x86
		{938C2125-6ED1-4561-B0BF-D1E7067FB1BF}.Debug|Any CPU.Deploy.0 = Debug|x86
		{938C2125-6ED1-4561-B0BF-D1E7067FB1BF}.Debug|ARM.ActiveCfg = Debug|ARM
		{938C2125-6ED1-4561-B0BF-D1E7067FB1BF}.Debug|ARM.Build.0 = Debug|ARM
		{938C2125-6ED1-4561-B0BF-D1E7067FB1BF}.Debug|ARM.Deploy.0 = Debug|ARM
		{938C2125-6ED1-4561-B0BF-D1E7067FB1BF}.Debug|iPhone.ActiveCfg = Debug|x86
		{938C2125-6ED1-4561-B0BF-D1E7067FB1BF}.Debug|iPhone.Build.0 = Debug|x86
		{938C2125-6ED1-4561-B0BF-D1E7067FB1BF}.Debug|iPhone.Deploy.0 = Debug|x86
		{938C2125-6ED1-4561-B0BF-D1E7067FB1BF}.Debug|iPhoneSimulator.ActiveCfg = Debug|x86
		{938C2125-6ED1-4561-B0BF-D1E7067FB1BF}.Debug|iPhoneSimulator.Build.0 = Debug|x86
		{938C2125-6ED1-4561-B0BF-D1E7067FB1BF}.Debug|iPhoneSimulator.Deploy.0 = Debug|x86
		{938C2125-6ED1-4561-B0BF-D1E7067FB1BF}.Debug|x64.ActiveCfg = Debug|x64
		{938C2125-6ED1-4561-B0BF-D1E7067FB1BF}.Debug|x64.Build.0 = Debug|x64
		{938C2125-6ED1-4561-B0BF-D1E7067FB1BF}.Debug|x64.Deploy.0 = Debug|x64
		{938C2125-6ED1-4561-B0BF-D1E7067FB1BF}.Debug|x86.ActiveCfg = Debug|x86
		{938C2125-6ED1-4561-B0BF-D1E7067FB1BF}.Debug|x86.Build.0 = Debug|x86
		{938C2125-6ED1-4561-B0BF-D1E7067FB1BF}.Debug|x86.Deploy.0 = Debug|x86
		{938C2125-6ED1-4561-B0BF-D1E7067FB1BF}.Release|Any CPU.ActiveCfg = Release|x86
		{938C2125-6ED1-4561-B0BF-D1E7067FB1BF}.Release|Any CPU.Build.0 = Release|x86
		{938C2125-6ED1-4561-B0BF-D1E7067FB1BF}.Release|Any CPU.Deploy.0 = Release|x86
		{938C2125-6ED1-4561-B0BF-D1E7067FB1BF}.Release|ARM.ActiveCfg = Release|ARM
		{938C2125-6ED1-4561-B0BF-D1E7067FB1BF}.Release|ARM.Build.0 = Release|ARM
		{938C2125-6ED1-4561-B0BF-D1E7067FB1BF}.Release|ARM.Deploy.0 = Release|ARM
		{938C2125-6ED1-4561-B0BF-D1E7067FB1BF}.Release|iPhone.ActiveCfg = Release|x86
		{938C2125-6ED1-4561-B0BF-D1E7067FB1BF}.Release|iPhone.Build.0 = Release|x86
		{938C2125-6ED1-4561-B0BF-D1E7067FB1BF}.Release|iPhone.Deploy.0 = Release|x86
		{938C2125-6ED1-4561-B0BF-D1E7067FB1BF}.Release|iPhoneSimulator.ActiveCfg = Release|x86
		{938C2125-6ED1-4561-B0BF-D1E7067FB1BF}.Release|iPhoneSimulator.Build.0 = Release|x86
		{938C2125-6ED1-4561-B0BF-D1E7067FB1BF}.Release|iPhoneSimulator.Deploy.0 = Release|x86
		{938C2125-6ED1-4561-B0BF-D1E7067FB1BF}.Release|x64.ActiveCfg = Release|x64
		{938C2125-6ED1-4561-B0BF-D1E7067FB1BF}.Release|x64.Build.0 = Release|x64
		{938C2125-6ED1-4561-B0BF-D1E7067FB1BF}.Release|x64.Deploy.0 = Release|x64
		{938C2125-6ED1-4561-B0BF-D1E7067FB1BF}.Release|x86.ActiveCfg = Release|x86
		{938C2125-6ED1-4561-B0BF-D1E7067FB1BF}.Release|x86.Build.0 = Release|x86
		{938C2125-6ED1-4561-B0BF-D1E7067FB1BF}.Release|x86.Deploy.0 = Release|x86
		{43D6822A-FFE4-4A6D-8213-EA8137E25E45}.Debug|Any CPU.ActiveCfg = Debug|Any CPU
		{43D6822A-FFE4-4A6D-8213-EA8137E25E45}.Debug|Any CPU.Build.0 = Debug|Any CPU
		{43D6822A-FFE4-4A6D-8213-EA8137E25E45}.Debug|Any CPU.Deploy.0 = Debug|Any CPU
		{43D6822A-FFE4-4A6D-8213-EA8137E25E45}.Debug|ARM.ActiveCfg = Debug|Any CPU
		{43D6822A-FFE4-4A6D-8213-EA8137E25E45}.Debug|ARM.Build.0 = Debug|Any CPU
		{43D6822A-FFE4-4A6D-8213-EA8137E25E45}.Debug|ARM.Deploy.0 = Debug|Any CPU
		{43D6822A-FFE4-4A6D-8213-EA8137E25E45}.Debug|iPhone.ActiveCfg = Debug|Any CPU
		{43D6822A-FFE4-4A6D-8213-EA8137E25E45}.Debug|iPhone.Build.0 = Debug|Any CPU
		{43D6822A-FFE4-4A6D-8213-EA8137E25E45}.Debug|iPhone.Deploy.0 = Debug|Any CPU
		{43D6822A-FFE4-4A6D-8213-EA8137E25E45}.Debug|iPhoneSimulator.ActiveCfg = Debug|Any CPU
		{43D6822A-FFE4-4A6D-8213-EA8137E25E45}.Debug|iPhoneSimulator.Build.0 = Debug|Any CPU
		{43D6822A-FFE4-4A6D-8213-EA8137E25E45}.Debug|iPhoneSimulator.Deploy.0 = Debug|Any CPU
		{43D6822A-FFE4-4A6D-8213-EA8137E25E45}.Debug|x64.ActiveCfg = Debug|Any CPU
		{43D6822A-FFE4-4A6D-8213-EA8137E25E45}.Debug|x64.Build.0 = Debug|Any CPU
		{43D6822A-FFE4-4A6D-8213-EA8137E25E45}.Debug|x64.Deploy.0 = Debug|Any CPU
		{43D6822A-FFE4-4A6D-8213-EA8137E25E45}.Debug|x86.ActiveCfg = Debug|Any CPU
		{43D6822A-FFE4-4A6D-8213-EA8137E25E45}.Debug|x86.Build.0 = Debug|Any CPU
		{43D6822A-FFE4-4A6D-8213-EA8137E25E45}.Debug|x86.Deploy.0 = Debug|Any CPU
		{43D6822A-FFE4-4A6D-8213-EA8137E25E45}.Release|Any CPU.ActiveCfg = Release|Any CPU
		{43D6822A-FFE4-4A6D-8213-EA8137E25E45}.Release|Any CPU.Build.0 = Release|Any CPU
		{43D6822A-FFE4-4A6D-8213-EA8137E25E45}.Release|Any CPU.Deploy.0 = Release|Any CPU
		{43D6822A-FFE4-4A6D-8213-EA8137E25E45}.Release|ARM.ActiveCfg = Release|Any CPU
		{43D6822A-FFE4-4A6D-8213-EA8137E25E45}.Release|ARM.Build.0 = Release|Any CPU
		{43D6822A-FFE4-4A6D-8213-EA8137E25E45}.Release|ARM.Deploy.0 = Release|Any CPU
		{43D6822A-FFE4-4A6D-8213-EA8137E25E45}.Release|iPhone.ActiveCfg = Release|Any CPU
		{43D6822A-FFE4-4A6D-8213-EA8137E25E45}.Release|iPhone.Build.0 = Release|Any CPU
		{43D6822A-FFE4-4A6D-8213-EA8137E25E45}.Release|iPhone.Deploy.0 = Release|Any CPU
		{43D6822A-FFE4-4A6D-8213-EA8137E25E45}.Release|iPhoneSimulator.ActiveCfg = Release|Any CPU
		{43D6822A-FFE4-4A6D-8213-EA8137E25E45}.Release|iPhoneSimulator.Build.0 = Release|Any CPU
		{43D6822A-FFE4-4A6D-8213-EA8137E25E45}.Release|iPhoneSimulator.Deploy.0 = Release|Any CPU
		{43D6822A-FFE4-4A6D-8213-EA8137E25E45}.Release|x64.ActiveCfg = Release|Any CPU
		{43D6822A-FFE4-4A6D-8213-EA8137E25E45}.Release|x64.Build.0 = Release|Any CPU
		{43D6822A-FFE4-4A6D-8213-EA8137E25E45}.Release|x64.Deploy.0 = Release|Any CPU
		{43D6822A-FFE4-4A6D-8213-EA8137E25E45}.Release|x86.ActiveCfg = Release|Any CPU
		{43D6822A-FFE4-4A6D-8213-EA8137E25E45}.Release|x86.Build.0 = Release|Any CPU
		{43D6822A-FFE4-4A6D-8213-EA8137E25E45}.Release|x86.Deploy.0 = Release|Any CPU
		{FC9673B7-C23E-43B2-9292-0661B3AB69CE}.Debug|Any CPU.ActiveCfg = Debug|iPhoneSimulator
		{FC9673B7-C23E-43B2-9292-0661B3AB69CE}.Debug|Any CPU.Build.0 = Debug|iPhoneSimulator
		{FC9673B7-C23E-43B2-9292-0661B3AB69CE}.Debug|Any CPU.Deploy.0 = Debug|iPhoneSimulator
		{FC9673B7-C23E-43B2-9292-0661B3AB69CE}.Debug|ARM.ActiveCfg = Debug|iPhone
		{FC9673B7-C23E-43B2-9292-0661B3AB69CE}.Debug|ARM.Build.0 = Debug|iPhone
		{FC9673B7-C23E-43B2-9292-0661B3AB69CE}.Debug|ARM.Deploy.0 = Debug|iPhone
		{FC9673B7-C23E-43B2-9292-0661B3AB69CE}.Debug|iPhone.ActiveCfg = Debug|iPhone
		{FC9673B7-C23E-43B2-9292-0661B3AB69CE}.Debug|iPhone.Build.0 = Debug|iPhone
		{FC9673B7-C23E-43B2-9292-0661B3AB69CE}.Debug|iPhone.Deploy.0 = Debug|iPhone
		{FC9673B7-C23E-43B2-9292-0661B3AB69CE}.Debug|iPhoneSimulator.ActiveCfg = Debug|iPhoneSimulator
		{FC9673B7-C23E-43B2-9292-0661B3AB69CE}.Debug|iPhoneSimulator.Build.0 = Debug|iPhoneSimulator
		{FC9673B7-C23E-43B2-9292-0661B3AB69CE}.Debug|iPhoneSimulator.Deploy.0 = Debug|iPhoneSimulator
		{FC9673B7-C23E-43B2-9292-0661B3AB69CE}.Debug|x64.ActiveCfg = Debug|iPhoneSimulator
		{FC9673B7-C23E-43B2-9292-0661B3AB69CE}.Debug|x64.Build.0 = Debug|iPhoneSimulator
		{FC9673B7-C23E-43B2-9292-0661B3AB69CE}.Debug|x64.Deploy.0 = Debug|iPhoneSimulator
		{FC9673B7-C23E-43B2-9292-0661B3AB69CE}.Debug|x86.ActiveCfg = Debug|iPhoneSimulator
		{FC9673B7-C23E-43B2-9292-0661B3AB69CE}.Debug|x86.Build.0 = Debug|iPhoneSimulator
		{FC9673B7-C23E-43B2-9292-0661B3AB69CE}.Debug|x86.Deploy.0 = Debug|iPhoneSimulator
		{FC9673B7-C23E-43B2-9292-0661B3AB69CE}.Release|Any CPU.ActiveCfg = Release|iPhoneSimulator
		{FC9673B7-C23E-43B2-9292-0661B3AB69CE}.Release|Any CPU.Build.0 = Release|iPhoneSimulator
		{FC9673B7-C23E-43B2-9292-0661B3AB69CE}.Release|Any CPU.Deploy.0 = Release|iPhoneSimulator
		{FC9673B7-C23E-43B2-9292-0661B3AB69CE}.Release|ARM.ActiveCfg = Release|iPhoneSimulator
		{FC9673B7-C23E-43B2-9292-0661B3AB69CE}.Release|ARM.Build.0 = Release|iPhoneSimulator
		{FC9673B7-C23E-43B2-9292-0661B3AB69CE}.Release|ARM.Deploy.0 = Release|iPhoneSimulator
		{FC9673B7-C23E-43B2-9292-0661B3AB69CE}.Release|iPhone.ActiveCfg = Release|iPhone
		{FC9673B7-C23E-43B2-9292-0661B3AB69CE}.Release|iPhone.Build.0 = Release|iPhone
		{FC9673B7-C23E-43B2-9292-0661B3AB69CE}.Release|iPhone.Deploy.0 = Release|iPhone
		{FC9673B7-C23E-43B2-9292-0661B3AB69CE}.Release|iPhoneSimulator.ActiveCfg = Release|iPhoneSimulator
		{FC9673B7-C23E-43B2-9292-0661B3AB69CE}.Release|iPhoneSimulator.Build.0 = Release|iPhoneSimulator
		{FC9673B7-C23E-43B2-9292-0661B3AB69CE}.Release|iPhoneSimulator.Deploy.0 = Release|iPhoneSimulator
		{FC9673B7-C23E-43B2-9292-0661B3AB69CE}.Release|x64.ActiveCfg = Release|iPhoneSimulator
		{FC9673B7-C23E-43B2-9292-0661B3AB69CE}.Release|x64.Build.0 = Release|iPhoneSimulator
		{FC9673B7-C23E-43B2-9292-0661B3AB69CE}.Release|x64.Deploy.0 = Release|iPhoneSimulator
		{FC9673B7-C23E-43B2-9292-0661B3AB69CE}.Release|x86.ActiveCfg = Release|iPhoneSimulator
		{FC9673B7-C23E-43B2-9292-0661B3AB69CE}.Release|x86.Build.0 = Release|iPhoneSimulator
		{FC9673B7-C23E-43B2-9292-0661B3AB69CE}.Release|x86.Deploy.0 = Release|iPhoneSimulator
		{396EF4AC-3EC6-4F0E-A8DE-341F81AE05C5}.Debug|Any CPU.ActiveCfg = Debug|Any CPU
		{396EF4AC-3EC6-4F0E-A8DE-341F81AE05C5}.Debug|Any CPU.Build.0 = Debug|Any CPU
		{396EF4AC-3EC6-4F0E-A8DE-341F81AE05C5}.Debug|Any CPU.Deploy.0 = Debug|Any CPU
		{396EF4AC-3EC6-4F0E-A8DE-341F81AE05C5}.Debug|ARM.ActiveCfg = Debug|Any CPU
		{396EF4AC-3EC6-4F0E-A8DE-341F81AE05C5}.Debug|ARM.Build.0 = Debug|Any CPU
		{396EF4AC-3EC6-4F0E-A8DE-341F81AE05C5}.Debug|ARM.Deploy.0 = Debug|Any CPU
		{396EF4AC-3EC6-4F0E-A8DE-341F81AE05C5}.Debug|iPhone.ActiveCfg = Debug|Any CPU
		{396EF4AC-3EC6-4F0E-A8DE-341F81AE05C5}.Debug|iPhone.Build.0 = Debug|Any CPU
		{396EF4AC-3EC6-4F0E-A8DE-341F81AE05C5}.Debug|iPhone.Deploy.0 = Debug|Any CPU
		{396EF4AC-3EC6-4F0E-A8DE-341F81AE05C5}.Debug|iPhoneSimulator.ActiveCfg = Debug|Any CPU
		{396EF4AC-3EC6-4F0E-A8DE-341F81AE05C5}.Debug|iPhoneSimulator.Build.0 = Debug|Any CPU
		{396EF4AC-3EC6-4F0E-A8DE-341F81AE05C5}.Debug|iPhoneSimulator.Deploy.0 = Debug|Any CPU
		{396EF4AC-3EC6-4F0E-A8DE-341F81AE05C5}.Debug|x64.ActiveCfg = Debug|Any CPU
		{396EF4AC-3EC6-4F0E-A8DE-341F81AE05C5}.Debug|x64.Build.0 = Debug|Any CPU
		{396EF4AC-3EC6-4F0E-A8DE-341F81AE05C5}.Debug|x64.Deploy.0 = Debug|Any CPU
		{396EF4AC-3EC6-4F0E-A8DE-341F81AE05C5}.Debug|x86.ActiveCfg = Debug|Any CPU
		{396EF4AC-3EC6-4F0E-A8DE-341F81AE05C5}.Debug|x86.Build.0 = Debug|Any CPU
		{396EF4AC-3EC6-4F0E-A8DE-341F81AE05C5}.Debug|x86.Deploy.0 = Debug|Any CPU
		{396EF4AC-3EC6-4F0E-A8DE-341F81AE05C5}.Release|Any CPU.ActiveCfg = Release|Any CPU
		{396EF4AC-3EC6-4F0E-A8DE-341F81AE05C5}.Release|Any CPU.Build.0 = Release|Any CPU
		{396EF4AC-3EC6-4F0E-A8DE-341F81AE05C5}.Release|Any CPU.Deploy.0 = Release|Any CPU
		{396EF4AC-3EC6-4F0E-A8DE-341F81AE05C5}.Release|ARM.ActiveCfg = Release|Any CPU
		{396EF4AC-3EC6-4F0E-A8DE-341F81AE05C5}.Release|ARM.Build.0 = Release|Any CPU
		{396EF4AC-3EC6-4F0E-A8DE-341F81AE05C5}.Release|ARM.Deploy.0 = Release|Any CPU
		{396EF4AC-3EC6-4F0E-A8DE-341F81AE05C5}.Release|iPhone.ActiveCfg = Release|Any CPU
		{396EF4AC-3EC6-4F0E-A8DE-341F81AE05C5}.Release|iPhone.Build.0 = Release|Any CPU
		{396EF4AC-3EC6-4F0E-A8DE-341F81AE05C5}.Release|iPhone.Deploy.0 = Release|Any CPU
		{396EF4AC-3EC6-4F0E-A8DE-341F81AE05C5}.Release|iPhoneSimulator.ActiveCfg = Release|Any CPU
		{396EF4AC-3EC6-4F0E-A8DE-341F81AE05C5}.Release|iPhoneSimulator.Build.0 = Release|Any CPU
		{396EF4AC-3EC6-4F0E-A8DE-341F81AE05C5}.Release|iPhoneSimulator.Deploy.0 = Release|Any CPU
		{396EF4AC-3EC6-4F0E-A8DE-341F81AE05C5}.Release|x64.ActiveCfg = Release|Any CPU
		{396EF4AC-3EC6-4F0E-A8DE-341F81AE05C5}.Release|x64.Build.0 = Release|Any CPU
		{396EF4AC-3EC6-4F0E-A8DE-341F81AE05C5}.Release|x64.Deploy.0 = Release|Any CPU
		{396EF4AC-3EC6-4F0E-A8DE-341F81AE05C5}.Release|x86.ActiveCfg = Release|Any CPU
		{396EF4AC-3EC6-4F0E-A8DE-341F81AE05C5}.Release|x86.Build.0 = Release|Any CPU
		{396EF4AC-3EC6-4F0E-A8DE-341F81AE05C5}.Release|x86.Deploy.0 = Release|Any CPU
	EndGlobalSection
	GlobalSection(SolutionProperties) = preSolution
		HideSolutionNode = FALSE
	EndGlobalSection
	GlobalSection(ExtensibilityGlobals) = postSolution
		SolutionGuid = {9AD16D1A-C53B-4510-9D19-081C934A7600}
	EndGlobalSection
EndGlobal
