
Microsoft Visual Studio Solution File, Format Version 12.00
# Visual Studio Version 16
VisualStudioVersion = 16.0.31829.152
MinimumVisualStudioVersion = 10.0.40219.1
Project("{FAE04EC0-301F-11D3-BF4B-00C04F79EFBC}") = "BuiltDifferentMobileApp.Android", "BuiltDifferentMobileApp\BuiltDifferentMobileApp.Android\BuiltDifferentMobileApp.Android.csproj", "{05B8EEA7-99C6-425C-8C0C-1876AA81CF94}"
EndProject
Project("{FAE04EC0-301F-11D3-BF4B-00C04F79EFBC}") = "BuiltDifferentMobileApp.iOS", "BuiltDifferentMobileApp\BuiltDifferentMobileApp.iOS\BuiltDifferentMobileApp.iOS.csproj", "{6EC83197-ED3D-4A03-8A3D-1A6128E4AC65}"
EndProject
Project("{9A19103F-16F7-4668-BE54-9A1E7A4F7556}") = "BuiltDifferentMobileApp", "BuiltDifferentMobileApp\BuiltDifferentMobileApp\BuiltDifferentMobileApp.csproj", "{95E51FD8-20CB-44CB-BA7D-2AA43AC88226}"
EndProject
Project("{FAE04EC0-301F-11D3-BF4B-00C04F79EFBC}") = "BuiltDifferent.UITest", "BuiltDifferent.UITest\BuiltDifferent.UITest.csproj", "{574256F5-B4D1-4DA6-93F2-555161242982}"
EndProject
Global
	GlobalSection(SolutionConfigurationPlatforms) = preSolution
		Debug|Any CPU = Debug|Any CPU
		Debug|iPhone = Debug|iPhone
		Debug|iPhoneSimulator = Debug|iPhoneSimulator
		Release|Any CPU = Release|Any CPU
		Release|iPhone = Release|iPhone
		Release|iPhoneSimulator = Release|iPhoneSimulator
	EndGlobalSection
	GlobalSection(ProjectConfigurationPlatforms) = postSolution
		{05B8EEA7-99C6-425C-8C0C-1876AA81CF94}.Debug|Any CPU.ActiveCfg = Debug|Any CPU
		{05B8EEA7-99C6-425C-8C0C-1876AA81CF94}.Debug|Any CPU.Build.0 = Debug|Any CPU
		{05B8EEA7-99C6-425C-8C0C-1876AA81CF94}.Debug|Any CPU.Deploy.0 = Debug|Any CPU
		{05B8EEA7-99C6-425C-8C0C-1876AA81CF94}.Debug|iPhone.ActiveCfg = Debug|Any CPU
		{05B8EEA7-99C6-425C-8C0C-1876AA81CF94}.Debug|iPhone.Build.0 = Debug|Any CPU
		{05B8EEA7-99C6-425C-8C0C-1876AA81CF94}.Debug|iPhone.Deploy.0 = Debug|Any CPU
		{05B8EEA7-99C6-425C-8C0C-1876AA81CF94}.Debug|iPhoneSimulator.ActiveCfg = Debug|Any CPU
		{05B8EEA7-99C6-425C-8C0C-1876AA81CF94}.Debug|iPhoneSimulator.Build.0 = Debug|Any CPU
		{05B8EEA7-99C6-425C-8C0C-1876AA81CF94}.Debug|iPhoneSimulator.Deploy.0 = Debug|Any CPU
		{05B8EEA7-99C6-425C-8C0C-1876AA81CF94}.Release|Any CPU.ActiveCfg = Release|Any CPU
		{05B8EEA7-99C6-425C-8C0C-1876AA81CF94}.Release|Any CPU.Build.0 = Release|Any CPU
		{05B8EEA7-99C6-425C-8C0C-1876AA81CF94}.Release|Any CPU.Deploy.0 = Release|Any CPU
		{05B8EEA7-99C6-425C-8C0C-1876AA81CF94}.Release|iPhone.ActiveCfg = Release|Any CPU
		{05B8EEA7-99C6-425C-8C0C-1876AA81CF94}.Release|iPhone.Build.0 = Release|Any CPU
		{05B8EEA7-99C6-425C-8C0C-1876AA81CF94}.Release|iPhone.Deploy.0 = Release|Any CPU
		{05B8EEA7-99C6-425C-8C0C-1876AA81CF94}.Release|iPhoneSimulator.ActiveCfg = Release|Any CPU
		{05B8EEA7-99C6-425C-8C0C-1876AA81CF94}.Release|iPhoneSimulator.Build.0 = Release|Any CPU
		{05B8EEA7-99C6-425C-8C0C-1876AA81CF94}.Release|iPhoneSimulator.Deploy.0 = Release|Any CPU
		{6EC83197-ED3D-4A03-8A3D-1A6128E4AC65}.Debug|Any CPU.ActiveCfg = Debug|iPhone
		{6EC83197-ED3D-4A03-8A3D-1A6128E4AC65}.Debug|Any CPU.Build.0 = Debug|iPhone
		{6EC83197-ED3D-4A03-8A3D-1A6128E4AC65}.Debug|Any CPU.Deploy.0 = Debug|iPhone
		{6EC83197-ED3D-4A03-8A3D-1A6128E4AC65}.Debug|iPhone.ActiveCfg = Debug|iPhone
		{6EC83197-ED3D-4A03-8A3D-1A6128E4AC65}.Debug|iPhone.Build.0 = Debug|iPhone
		{6EC83197-ED3D-4A03-8A3D-1A6128E4AC65}.Debug|iPhone.Deploy.0 = Debug|iPhone
		{6EC83197-ED3D-4A03-8A3D-1A6128E4AC65}.Debug|iPhoneSimulator.ActiveCfg = Debug|iPhoneSimulator
		{6EC83197-ED3D-4A03-8A3D-1A6128E4AC65}.Debug|iPhoneSimulator.Build.0 = Debug|iPhoneSimulator
		{6EC83197-ED3D-4A03-8A3D-1A6128E4AC65}.Debug|iPhoneSimulator.Deploy.0 = Debug|iPhoneSimulator
		{6EC83197-ED3D-4A03-8A3D-1A6128E4AC65}.Release|Any CPU.ActiveCfg = Release|iPhoneSimulator
		{6EC83197-ED3D-4A03-8A3D-1A6128E4AC65}.Release|Any CPU.Build.0 = Release|iPhoneSimulator
		{6EC83197-ED3D-4A03-8A3D-1A6128E4AC65}.Release|Any CPU.Deploy.0 = Release|iPhoneSimulator
		{6EC83197-ED3D-4A03-8A3D-1A6128E4AC65}.Release|iPhone.ActiveCfg = Release|iPhone
		{6EC83197-ED3D-4A03-8A3D-1A6128E4AC65}.Release|iPhone.Build.0 = Release|iPhone
		{6EC83197-ED3D-4A03-8A3D-1A6128E4AC65}.Release|iPhone.Deploy.0 = Release|iPhone
		{6EC83197-ED3D-4A03-8A3D-1A6128E4AC65}.Release|iPhoneSimulator.ActiveCfg = Release|iPhoneSimulator
		{6EC83197-ED3D-4A03-8A3D-1A6128E4AC65}.Release|iPhoneSimulator.Build.0 = Release|iPhoneSimulator
		{6EC83197-ED3D-4A03-8A3D-1A6128E4AC65}.Release|iPhoneSimulator.Deploy.0 = Release|iPhoneSimulator
		{95E51FD8-20CB-44CB-BA7D-2AA43AC88226}.Debug|Any CPU.ActiveCfg = Debug|Any CPU
		{95E51FD8-20CB-44CB-BA7D-2AA43AC88226}.Debug|Any CPU.Build.0 = Debug|Any CPU
		{95E51FD8-20CB-44CB-BA7D-2AA43AC88226}.Debug|Any CPU.Deploy.0 = Debug|Any CPU
		{95E51FD8-20CB-44CB-BA7D-2AA43AC88226}.Debug|iPhone.ActiveCfg = Debug|Any CPU
		{95E51FD8-20CB-44CB-BA7D-2AA43AC88226}.Debug|iPhone.Build.0 = Debug|Any CPU
		{95E51FD8-20CB-44CB-BA7D-2AA43AC88226}.Debug|iPhone.Deploy.0 = Debug|Any CPU
		{95E51FD8-20CB-44CB-BA7D-2AA43AC88226}.Debug|iPhoneSimulator.ActiveCfg = Debug|Any CPU
		{95E51FD8-20CB-44CB-BA7D-2AA43AC88226}.Debug|iPhoneSimulator.Build.0 = Debug|Any CPU
		{95E51FD8-20CB-44CB-BA7D-2AA43AC88226}.Debug|iPhoneSimulator.Deploy.0 = Debug|Any CPU
		{95E51FD8-20CB-44CB-BA7D-2AA43AC88226}.Release|Any CPU.ActiveCfg = Release|Any CPU
		{95E51FD8-20CB-44CB-BA7D-2AA43AC88226}.Release|Any CPU.Build.0 = Release|Any CPU
		{95E51FD8-20CB-44CB-BA7D-2AA43AC88226}.Release|Any CPU.Deploy.0 = Release|Any CPU
		{95E51FD8-20CB-44CB-BA7D-2AA43AC88226}.Release|iPhone.ActiveCfg = Release|Any CPU
		{95E51FD8-20CB-44CB-BA7D-2AA43AC88226}.Release|iPhone.Build.0 = Release|Any CPU
		{95E51FD8-20CB-44CB-BA7D-2AA43AC88226}.Release|iPhone.Deploy.0 = Release|Any CPU
		{95E51FD8-20CB-44CB-BA7D-2AA43AC88226}.Release|iPhoneSimulator.ActiveCfg = Release|Any CPU
		{95E51FD8-20CB-44CB-BA7D-2AA43AC88226}.Release|iPhoneSimulator.Build.0 = Release|Any CPU
		{95E51FD8-20CB-44CB-BA7D-2AA43AC88226}.Release|iPhoneSimulator.Deploy.0 = Release|Any CPU
		{574256F5-B4D1-4DA6-93F2-555161242982}.Debug|Any CPU.ActiveCfg = Debug|Any CPU
		{574256F5-B4D1-4DA6-93F2-555161242982}.Debug|Any CPU.Build.0 = Debug|Any CPU
		{574256F5-B4D1-4DA6-93F2-555161242982}.Debug|iPhone.ActiveCfg = Debug|Any CPU
		{574256F5-B4D1-4DA6-93F2-555161242982}.Debug|iPhone.Build.0 = Debug|Any CPU
		{574256F5-B4D1-4DA6-93F2-555161242982}.Debug|iPhoneSimulator.ActiveCfg = Debug|Any CPU
		{574256F5-B4D1-4DA6-93F2-555161242982}.Debug|iPhoneSimulator.Build.0 = Debug|Any CPU
		{574256F5-B4D1-4DA6-93F2-555161242982}.Release|Any CPU.ActiveCfg = Release|Any CPU
		{574256F5-B4D1-4DA6-93F2-555161242982}.Release|Any CPU.Build.0 = Release|Any CPU
		{574256F5-B4D1-4DA6-93F2-555161242982}.Release|iPhone.ActiveCfg = Release|Any CPU
		{574256F5-B4D1-4DA6-93F2-555161242982}.Release|iPhone.Build.0 = Release|Any CPU
		{574256F5-B4D1-4DA6-93F2-555161242982}.Release|iPhoneSimulator.ActiveCfg = Release|Any CPU
		{574256F5-B4D1-4DA6-93F2-555161242982}.Release|iPhoneSimulator.Build.0 = Release|Any CPU
	EndGlobalSection
	GlobalSection(SolutionProperties) = preSolution
		HideSolutionNode = FALSE
	EndGlobalSection
	GlobalSection(ExtensibilityGlobals) = postSolution
		SolutionGuid = {0577A2B2-0BBB-4C7B-9CBF-A932A60E1B6A}
	EndGlobalSection
EndGlobal
